{
  "name": "dojo-codesandbox-template",
  "version": "1.0.0",
  "lockfileVersion": 1,
  "requires": true,
  "dependencies": {
    "@dojo/core": {
      "version": "0.5.0",
      "resolved": "https://registry.npmjs.org/@dojo/core/-/core-0.5.0.tgz",
      "integrity": "sha512-kEyKjH/HRMf7rXxFiOvM0Lco8fPcoGtECZx8kr2tskgrIBPN8F3aaRTT8GZ9duUjoIp953RK8ggbMzBt7+ap+Q==",
      "requires": {
        "tslib": "1.8.1"
      }
    },
    "@dojo/has": {
      "version": "0.1.2",
      "resolved": "https://registry.npmjs.org/@dojo/has/-/has-0.1.2.tgz",
      "integrity": "sha512-122xXU9xHjG/EayITIAiIdKVphZTZ2wM9IEBArarkBQzXZP1shGAbTJq7NHWUoTemw48tvTxr+OOi7wVCm7IXg=="
    },
    "@dojo/i18n": {
      "version": "0.6.0",
      "resolved": "https://registry.npmjs.org/@dojo/i18n/-/i18n-0.6.0.tgz",
      "integrity": "sha512-7D576mCfFqotuancUdO6nQnCwaPgB26f4LDw7WBEslXp4aIszMo7azrXY5g5x/2xEM6KCBUpUwB+kCU+qcLWIA==",
      "requires": {
        "globalize": "1.3.0",
        "tslib": "1.8.1"
      }
    },
    "@dojo/routing": {
      "version": "0.5.0",
      "resolved": "https://registry.npmjs.org/@dojo/routing/-/routing-0.5.0.tgz",
      "integrity": "sha512-c/RkPiqJ6JHwmb+iSeSm7wWYPCZXX4TYf96EWuuNR+m+tyeppGSjXxQcuOkpKrwDBgn4fqMCLb3ii70rw+TM9w==",
      "requires": {
        "tslib": "1.8.1"
      }
    },
    "@dojo/shim": {
      "version": "0.2.7",
      "resolved": "https://registry.npmjs.org/@dojo/shim/-/shim-0.2.7.tgz",
      "integrity": "sha512-3R/n4a1/17acl9S5Wtay/0rcKzUqtVVJkCLPrGZq4NmRzWop09Unryqg/GV0Y1V7SbcILHKBL7bOTEfrpVX63g==",
      "requires": {
        "intersection-observer": "0.4.2",
        "pepjs": "0.4.2",
        "tslib": "1.8.1",
        "web-animations-js": "2.3.1"
      }
    },
    "@dojo/widget-core": {
      "version": "0.10.1",
      "resolved": "https://registry.npmjs.org/@dojo/widget-core/-/widget-core-0.10.1.tgz",
      "integrity": "sha512-XnXn1YScth1b/mQDcd4+CcOSws0Hrd2QXvrSHsJv7Qm1d/t24a0dNKxacy71s0Lv73QO2bf0d4xs+z9LvaG+Jw==",
      "requires": {
        "@types/web-animations-js": "2.2.5",
        "tslib": "1.8.1"
      }
    },
    "@dojo/widgets": {
      "version": "0.7.0",
      "resolved": "https://registry.npmjs.org/@dojo/widgets/-/widgets-0.7.0.tgz",
      "integrity": "sha512-k3Cy4MyuVxDYdvsHZUMlTyq3S5/TrII+hOT00MgYB3eanpaUWyVwCgyCMnOXEqAk5JC+y9vpNaIX4jkLUIvVXQ==",
      "requires": {
        "tslib": "1.8.1"
      }
    },
    "@types/web-animations-js": {
      "version": "2.2.5",
      "resolved": "https://registry.npmjs.org/@types/web-animations-js/-/web-animations-js-2.2.5.tgz",
      "integrity": "sha512-3kjO6yvLt1e673wtcKEz0lgLKqPkBiuwxQj0DQ1jj+48HB03emIlTQYcqKAvB9UwOXq09QrWy/Dm6ZU8xMZVTw=="
    },
    "cldrjs": {
      "version": "0.4.8",
      "resolved": "https://registry.npmjs.org/cldrjs/-/cldrjs-0.4.8.tgz",
      "integrity": "sha1-O5lMRk0qMrWsp8XeF6YKh+RdxPk="
    },
    "globalize": {
      "version": "1.3.0",
      "resolved": "https://registry.npmjs.org/globalize/-/globalize-1.3.0.tgz",
      "integrity": "sha1-xWUkuKz9LOONDJfd/c6zj2RLM5I=",
      "requires": {
        "cldrjs": "0.4.8"
      }
    },
    "intersection-observer": {
      "version": "0.4.2",
      "resolved": "https://registry.npmjs.org/intersection-observer/-/intersection-observer-0.4.2.tgz",
      "integrity": "sha512-SFGCL4d6A7J+aXNHTx94zV7ydngTKraDBvoJjn5iGgsXYhXgAXIYj8i3ewJoO80BRB7qtBB3sBlrdGNwTktzLg=="
    },
    "pepjs": {
      "version": "0.4.2",
      "resolved": "https://registry.npmjs.org/pepjs/-/pepjs-0.4.2.tgz",
      "integrity": "sha1-EyZO6olJhP9CPIPkDS+k4d7Byfo="
    },
    "tslib": {
      "version": "1.8.1",
      "resolved": "https://registry.npmjs.org/tslib/-/tslib-1.8.1.tgz",
      "integrity": "sha1-aUavLR1lGnsYY7Ux1uWvpBqkTqw="
    },
    "typescript": {
      "version": "2.6.2",
      "resolved": "https://registry.npmjs.org/typescript/-/typescript-2.6.2.tgz",
      "integrity": "sha1-PFtv1/beCRQmkCfwPAlGdY92c6Q=",
      "dev": true
    },
    "web-animations-js": {
      "version": "2.3.1",
      "resolved": "https://registry.npmjs.org/web-animations-js/-/web-animations-js-2.3.1.tgz",
      "integrity": "sha1-Om2bwVGWN3qQ+OKAP6UmIWWwRRA="
    }
  }
}
